PODS:
  - ResearchKit (1.5.2)

DEPENDENCIES:
  - ResearchKit (from `https://github.com/ResearchKit/ResearchKit.git`, branch `master`)

EXTERNAL SOURCES:
  ResearchKit:
    :branch: master
    :git: https://github.com/ResearchKit/ResearchKit.git

CHECKOUT OPTIONS:
  ResearchKit:
    :commit: aea49a795098247ed4bcc2c556526d39d7bc028e
    :git: https://github.com/ResearchKit/ResearchKit.git

SPEC CHECKSUMS:
  ResearchKit: 76d9e3d4c1823d510f04d5ab1bf57bba568d59ff

PODFILE CHECKSUM: a95031fe9eb72ae492c5cce8d047fb5a57875e3f

COCOAPODS: 1.5.2
